
Microsoft Visual Studio Solution File, Format Version 12.00
# Visual Studio 15
VisualStudioVersion = 15.0.26730.12
MinimumVisualStudioVersion = 10.0.40219.1
Project("{FAE04EC0-301F-11D3-BF4B-00C04F79EFBC}") = "a1OEC", "a1OEC\a1OEC.csproj", "{33035E0B-235E-4B62-8E98-E4B14815DC88}"
EndProject
Global
	GlobalSection(SolutionConfigurationPlatforms) = preSolution
		Debug|Any CPU = Debug|Any CPU
		Release|Any CPU = Release|Any CPU
	EndGlobalSection
	GlobalSection(ProjectConfigurationPlatforms) = postSolution
		{33035E0B-235E-4B62-8E98-E4B14815DC88}.Debug|Any CPU.ActiveCfg = Debug|Any CPU
		{33035E0B-235E-4B62-8E98-E4B14815DC88}.Debug|Any CPU.Build.0 = Debug|Any CPU
		{33035E0B-235E-4B62-8E98-E4B14815DC88}.Release|Any CPU.ActiveCfg = Release|Any CPU
		{33035E0B-235E-4B62-8E98-E4B14815DC88}.Release|Any CPU.Build.0 = Release|Any CPU
	EndGlobalSection
	GlobalSection(SolutionProperties) = preSolution
		HideSolutionNode = FALSE
	EndGlobalSection
	GlobalSection(ExtensibilityGlobals) = postSolution
		SolutionGuid = {DF7F1E67-C4AB-4995-B272-2A87B86059ED}
	EndGlobalSection
EndGlobal
